{
  "name": "HisStory-The-Book-1",
  "lockfileVersion": 2,
  "requires": true,
  "packages": {
    "": {
      "dependencies": {
        "ajax": "^0.0.4",
        "args-js": "^0.10.12",
        "async": "^3.2.3",
        "turn-js": "^0.5.4"
      }
    },
    "node_modules/ajax": {
      "version": "0.0.4",
      "resolved": "https://registry.npmjs.org/ajax/-/ajax-0.0.4.tgz",
      "integrity": "sha1-tvTOi9WQ9fS6Lc/eEd54nyCfJCM=",
      "dependencies": {
        "underscore": ""
      },
      "engines": {
        "node": ">=0.4.0"
      }
    },
    "node_modules/args-js": {
      "version": "0.10.12",
      "resolved": "https://registry.npmjs.org/args-js/-/args-js-0.10.12.tgz",
      "integrity": "sha1-oyeuqA5BByo9hfnCdNtlEeuV5Jw=",
      "engines": {
        "node": ">0.8.0",
        "npm": ">1.1.0"
      }
    },
    "node_modules/async": {
      "version": "3.2.3",
      "resolved": "https://registry.npmjs.org/async/-/async-3.2.3.tgz",
      "integrity": "sha512-spZRyzKL5l5BZQrr/6m/SqFdBN0q3OCI0f9rjfBzCMBIP4p75P620rR3gTmaksNOhmzgdxcaxdNfMy6anrbM0g=="
    },
    "node_modules/chrome-dgram": {
      "version": "3.0.1",
      "resolved": "https://registry.npmjs.org/chrome-dgram/-/chrome-dgram-3.0.1.tgz",
      "integrity": "sha1-QqOI0E2gY4ZaeeO6KuX7+KsPHbo=",
      "dependencies": {
        "inherits": "^2.0.1",
        "run-series": "^1.1.2"
      }
    },
    "node_modules/chrome-net": {
      "version": "3.3.0",
      "resolved": "https://registry.npmjs.org/chrome-net/-/chrome-net-3.3.0.tgz",
      "integrity": "sha1-q7hySkOTFDdiZul99plMyU7tjDE=",
      "dependencies": {
        "inherits": "^2.0.1"
      }
    },
    "node_modules/colors": {
      "version": "1.0.3",
      "resolved": "https://registry.npmjs.org/colors/-/colors-1.0.3.tgz",
      "integrity": "sha1-BDP0TYCWgP3rYO0mDxsMJi6CpAs=",
      "engines": {
        "node": ">=0.1.90"
      }
    },
    "node_modules/cycle": {
      "version": "1.0.3",
      "resolved": "https://registry.npmjs.org/cycle/-/cycle-1.0.3.tgz",
      "integrity": "sha1-IegLK+hYD5i0aPN5QwZisEbDStI=",
      "engines": {
        "node": ">=0.4.0"
      }
    },
    "node_modules/debug": {
      "version": "2.6.0",
      "resolved": "https://registry.npmjs.org/debug/-/debug-2.6.0.tgz",
      "integrity": "sha1-vFlryr52F/Edn6FTYe3tVgi4SZs=",
      "dependencies": {
        "ms": "0.7.2"
      }
    },
    "node_modules/eyes": {
      "version": "0.1.8",
      "resolved": "https://registry.npmjs.org/eyes/-/eyes-0.1.8.tgz",
      "integrity": "sha1-Ys8SAjTGg3hdkCNIqADvPgzCC8A=",
      "engines": {
        "node": "> 0.1.90"
      }
    },
    "node_modules/inherits": {
      "version": "2.0.4",
      "resolved": "https://registry.npmjs.org/inherits/-/inherits-2.0.4.tgz",
      "integrity": "sha512-k/vGaX4/Yla3WzyMCvTQOXYeIHvqOKtnqBduzTHpzpQZzAskKMhZ2K+EnBiSM9zGSoIFeMpXKxa4dYeZIQqewQ=="
    },
    "node_modules/ip": {
      "version": "1.1.5",
      "resolved": "https://registry.npmjs.org/ip/-/ip-1.1.5.tgz",
      "integrity": "sha1-vd7XARQpCCjAoDnnLvJfWq7ENUo="
    },
    "node_modules/isstream": {
      "version": "0.1.2",
      "resolved": "https://registry.npmjs.org/isstream/-/isstream-0.1.2.tgz",
      "integrity": "sha1-R+Y/evVa+m+S4VAOaQ64uFKcCZo="
    },
    "node_modules/lodash": {
      "version": "4.15.0",
      "resolved": "https://registry.npmjs.org/lodash/-/lodash-4.15.0.tgz",
      "integrity": "sha1-MWI5HY8BQKoiz49rPDTWt/Y9Oqk="
    },
    "node_modules/merge": {
      "version": "1.2.1",
      "resolved": "https://registry.npmjs.org/merge/-/merge-1.2.1.tgz",
      "integrity": "sha512-VjFo4P5Whtj4vsLzsYBu5ayHhoHJ0UqNm7ibvShmbmoz7tGi0vXaoJbGdB+GmDMLUdg8DpQXEIeVDAe8MaABvQ=="
    },
    "node_modules/ms": {
      "version": "0.7.2",
      "resolved": "https://registry.npmjs.org/ms/-/ms-0.7.2.tgz",
      "integrity": "sha1-riXPJRKziFodldfwN4aNhDESR2U="
    },
    "node_modules/q": {
      "version": "1.5.1",
      "resolved": "https://registry.npmjs.org/q/-/q-1.5.1.tgz",
      "integrity": "sha1-fjL3W0E4EpHQRhHxvxQQmsAGUdc=",
      "engines": {
        "node": ">=0.6.0",
        "teleport": ">=0.2.0"
      }
    },
    "node_modules/run-series": {
      "version": "1.1.9",
      "resolved": "https://registry.npmjs.org/run-series/-/run-series-1.1.9.tgz",
      "integrity": "sha512-Arc4hUN896vjkqCYrUXquBFtRZdv1PfLbTYP71efP6butxyQ0kWpiNJyAgsxscmQg1cqvHY32/UCBzXedTpU2g==",
      "funding": [
        {
          "type": "github",
          "url": "https://github.com/sponsors/feross"
        },
        {
          "type": "patreon",
          "url": "https://www.patreon.com/feross"
        },
        {
          "type": "consulting",
          "url": "https://feross.org/support"
        }
      ]
    },
    "node_modules/stack-trace": {
      "version": "0.0.10",
      "resolved": "https://registry.npmjs.org/stack-trace/-/stack-trace-0.0.10.tgz",
      "integrity": "sha1-VHxws0fo0ytOEI6hoqFZ5f3eGcA=",
      "engines": {
        "node": "*"
      }
    },
    "node_modules/stun-js": {
      "version": "0.5.3",
      "resolved": "https://registry.npmjs.org/stun-js/-/stun-js-0.5.3.tgz",
      "integrity": "sha1-e4i2qZN0oxcDpCh2tC8HRMV3yio=",
      "dependencies": {
        "args-js": "^0.10.12",
        "chrome-dgram": "3.0.1",
        "chrome-net": "3.3.0",
        "ip": "^1.1.4",
        "merge": "^1.2.0",
        "q": "1.4.1",
        "winston": "^2.3.1",
        "winston-browser": "1.0.0",
        "winston-debug": "^1.1.0",
        "winston-meta-wrapper": "1.2.0"
      },
      "engines": {
        "node": ">=6.9.0"
      }
    },
    "node_modules/stun-js/node_modules/q": {
      "version": "1.4.1",
      "resolved": "https://registry.npmjs.org/q/-/q-1.4.1.tgz",
      "integrity": "sha1-VXBbzZPF82c1MMLCy8DCs63cKG4=",
      "engines": {
        "node": ">=0.6.0",
        "teleport": ">=0.2.0"
      }
    },
    "node_modules/turn-js": {
      "version": "0.5.4",
      "resolved": "https://registry.npmjs.org/turn-js/-/turn-js-0.5.4.tgz",
      "integrity": "sha1-6oyNICwEXwJx06+2kRAHziBYw44=",
      "dependencies": {
        "args-js": "^0.10.12",
        "merge": "^1.2.0",
        "q": "^1.4.1",
        "stun-js": "^0.5.3",
        "winston": "^2.3.1",
        "winston-browser": "^1.0.0",
        "winston-debug": "^1.1.0",
        "winston-meta-wrapper": "^1.0.0"
      },
      "engines": {
        "node": ">=6.9.0"
      }
    },
    "node_modules/underscore": {
      "version": "1.13.3",
      "resolved": "https://registry.npmjs.org/underscore/-/underscore-1.13.3.tgz",
      "integrity": "sha512-QvjkYpiD+dJJraRA8+dGAU4i7aBbb2s0S3jA45TFOvg2VgqvdCDd/3N6CqA8gluk1W91GLoXg5enMUx560QzuA=="
    },
    "node_modules/winston": {
      "version": "2.4.6",
      "resolved": "https://registry.npmjs.org/winston/-/winston-2.4.6.tgz",
      "integrity": "sha512-J5Zu4p0tojLde8mIOyDSsmLmcP8I3Z6wtwpTDHx1+hGcdhxcJaAmG4CFtagkb+NiN1M9Ek4b42pzMWqfc9jm8w==",
      "dependencies": {
        "async": "^3.2.3",
        "colors": "1.0.x",
        "cycle": "1.0.x",
        "eyes": "0.1.x",
        "isstream": "0.1.x",
        "stack-trace": "0.0.x"
      },
      "engines": {
        "node": ">= 0.10.0"
      }
    },
    "node_modules/winston-browser": {
      "version": "1.0.0",
      "resolved": "https://registry.npmjs.org/winston-browser/-/winston-browser-1.0.0.tgz",
      "integrity": "sha1-mdc8cav+ko6X8oD059pFLcML1fY="
    },
    "node_modules/winston-debug": {
      "version": "1.1.0",
      "resolved": "https://registry.npmjs.org/winston-debug/-/winston-debug-1.1.0.tgz",
      "integrity": "sha1-3BtWc943k/Ssz85OvtiFhpABBQE=",
      "dependencies": {
        "debug": "2.6.0"
      }
    },
    "node_modules/winston-meta-wrapper": {
      "version": "1.2.0",
      "resolved": "https://registry.npmjs.org/winston-meta-wrapper/-/winston-meta-wrapper-1.2.0.tgz",
      "integrity": "sha1-y3y0X4xcCCwPGe+nhRVT3mKAAV8=",
      "dependencies": {
        "lodash": "4.15.0"
      }
    }
  },
  "dependencies": {
    "ajax": {
      "version": "0.0.4",
      "resolved": "https://registry.npmjs.org/ajax/-/ajax-0.0.4.tgz",
      "integrity": "sha1-tvTOi9WQ9fS6Lc/eEd54nyCfJCM=",
      "requires": {
        "underscore": ""
      }
    },
    "args-js": {
      "version": "0.10.12",
      "resolved": "https://registry.npmjs.org/args-js/-/args-js-0.10.12.tgz",
      "integrity": "sha1-oyeuqA5BByo9hfnCdNtlEeuV5Jw="
    },
    "async": {
      "version": "3.2.3",
      "resolved": "https://registry.npmjs.org/async/-/async-3.2.3.tgz",
      "integrity": "sha512-spZRyzKL5l5BZQrr/6m/SqFdBN0q3OCI0f9rjfBzCMBIP4p75P620rR3gTmaksNOhmzgdxcaxdNfMy6anrbM0g=="
    },
    "chrome-dgram": {
      "version": "3.0.1",
      "resolved": "https://registry.npmjs.org/chrome-dgram/-/chrome-dgram-3.0.1.tgz",
      "integrity": "sha1-QqOI0E2gY4ZaeeO6KuX7+KsPHbo=",
      "requires": {
        "inherits": "^2.0.1",
        "run-series": "^1.1.2"
      }
    },
    "chrome-net": {
      "version": "3.3.0",
      "resolved": "https://registry.npmjs.org/chrome-net/-/chrome-net-3.3.0.tgz",
      "integrity": "sha1-q7hySkOTFDdiZul99plMyU7tjDE=",
      "requires": {
        "inherits": "^2.0.1"
      }
    },
    "colors": {
      "version": "1.0.3",
      "resolved": "https://registry.npmjs.org/colors/-/colors-1.0.3.tgz",
      "integrity": "sha1-BDP0TYCWgP3rYO0mDxsMJi6CpAs="
    },
    "cycle": {
      "version": "1.0.3",
      "resolved": "https://registry.npmjs.org/cycle/-/cycle-1.0.3.tgz",
      "integrity": "sha1-IegLK+hYD5i0aPN5QwZisEbDStI="
    },
    "debug": {
      "version": "2.6.0",
      "resolved": "https://registry.npmjs.org/debug/-/debug-2.6.0.tgz",
      "integrity": "sha1-vFlryr52F/Edn6FTYe3tVgi4SZs=",
      "requires": {
        "ms": "0.7.2"
      }
    },
    "eyes": {
      "version": "0.1.8",
      "resolved": "https://registry.npmjs.org/eyes/-/eyes-0.1.8.tgz",
      "integrity": "sha1-Ys8SAjTGg3hdkCNIqADvPgzCC8A="
    },
    "inherits": {
      "version": "2.0.4",
      "resolved": "https://registry.npmjs.org/inherits/-/inherits-2.0.4.tgz",
      "integrity": "sha512-k/vGaX4/Yla3WzyMCvTQOXYeIHvqOKtnqBduzTHpzpQZzAskKMhZ2K+EnBiSM9zGSoIFeMpXKxa4dYeZIQqewQ=="
    },
    "ip": {
      "version": "1.1.5",
      "resolved": "https://registry.npmjs.org/ip/-/ip-1.1.5.tgz",
      "integrity": "sha1-vd7XARQpCCjAoDnnLvJfWq7ENUo="
    },
    "isstream": {
      "version": "0.1.2",
      "resolved": "https://registry.npmjs.org/isstream/-/isstream-0.1.2.tgz",
      "integrity": "sha1-R+Y/evVa+m+S4VAOaQ64uFKcCZo="
    },
    "lodash": {
      "version": "4.15.0",
      "resolved": "https://registry.npmjs.org/lodash/-/lodash-4.15.0.tgz",
      "integrity": "sha1-MWI5HY8BQKoiz49rPDTWt/Y9Oqk="
    },
    "merge": {
      "version": "1.2.1",
      "resolved": "https://registry.npmjs.org/merge/-/merge-1.2.1.tgz",
      "integrity": "sha512-VjFo4P5Whtj4vsLzsYBu5ayHhoHJ0UqNm7ibvShmbmoz7tGi0vXaoJbGdB+GmDMLUdg8DpQXEIeVDAe8MaABvQ=="
    },
    "ms": {
      "version": "0.7.2",
      "resolved": "https://registry.npmjs.org/ms/-/ms-0.7.2.tgz",
      "integrity": "sha1-riXPJRKziFodldfwN4aNhDESR2U="
    },
    "q": {
      "version": "1.5.1",
      "resolved": "https://registry.npmjs.org/q/-/q-1.5.1.tgz",
      "integrity": "sha1-fjL3W0E4EpHQRhHxvxQQmsAGUdc="
    },
    "run-series": {
      "version": "1.1.9",
      "resolved": "https://registry.npmjs.org/run-series/-/run-series-1.1.9.tgz",
      "integrity": "sha512-Arc4hUN896vjkqCYrUXquBFtRZdv1PfLbTYP71efP6butxyQ0kWpiNJyAgsxscmQg1cqvHY32/UCBzXedTpU2g=="
    },
    "stack-trace": {
      "version": "0.0.10",
      "resolved": "https://registry.npmjs.org/stack-trace/-/stack-trace-0.0.10.tgz",
      "integrity": "sha1-VHxws0fo0ytOEI6hoqFZ5f3eGcA="
    },
    "stun-js": {
      "version": "0.5.3",
      "resolved": "https://registry.npmjs.org/stun-js/-/stun-js-0.5.3.tgz",
      "integrity": "sha1-e4i2qZN0oxcDpCh2tC8HRMV3yio=",
      "requires": {
        "args-js": "^0.10.12",
        "chrome-dgram": "3.0.1",
        "chrome-net": "3.3.0",
        "ip": "^1.1.4",
        "merge": "^1.2.0",
        "q": "1.4.1",
        "winston": "^2.3.1",
        "winston-browser": "1.0.0",
        "winston-debug": "^1.1.0",
        "winston-meta-wrapper": "1.2.0"
      },
      "dependencies": {
        "q": {
          "version": "1.4.1",
          "resolved": "https://registry.npmjs.org/q/-/q-1.4.1.tgz",
          "integrity": "sha1-VXBbzZPF82c1MMLCy8DCs63cKG4="
        }
      }
    },
    "turn-js": {
      "version": "0.5.4",
      "resolved": "https://registry.npmjs.org/turn-js/-/turn-js-0.5.4.tgz",
      "integrity": "sha1-6oyNICwEXwJx06+2kRAHziBYw44=",
      "requires": {
        "args-js": "^0.10.12",
        "merge": "^1.2.0",
        "q": "^1.4.1",
        "stun-js": "^0.5.3",
        "winston": "^2.3.1",
        "winston-browser": "^1.0.0",
        "winston-debug": "^1.1.0",
        "winston-meta-wrapper": "^1.0.0"
      }
    },
    "underscore": {
      "version": "1.13.3",
      "resolved": "https://registry.npmjs.org/underscore/-/underscore-1.13.3.tgz",
      "integrity": "sha512-QvjkYpiD+dJJraRA8+dGAU4i7aBbb2s0S3jA45TFOvg2VgqvdCDd/3N6CqA8gluk1W91GLoXg5enMUx560QzuA=="
    },
    "winston": {
      "version": "2.4.6",
      "resolved": "https://registry.npmjs.org/winston/-/winston-2.4.6.tgz",
      "integrity": "sha512-J5Zu4p0tojLde8mIOyDSsmLmcP8I3Z6wtwpTDHx1+hGcdhxcJaAmG4CFtagkb+NiN1M9Ek4b42pzMWqfc9jm8w==",
      "requires": {
        "async": "^3.2.3",
        "colors": "1.0.x",
        "cycle": "1.0.x",
        "eyes": "0.1.x",
        "isstream": "0.1.x",
        "stack-trace": "0.0.x"
      }
    },
    "winston-browser": {
      "version": "1.0.0",
      "resolved": "https://registry.npmjs.org/winston-browser/-/winston-browser-1.0.0.tgz",
      "integrity": "sha1-mdc8cav+ko6X8oD059pFLcML1fY="
    },
    "winston-debug": {
      "version": "1.1.0",
      "resolved": "https://registry.npmjs.org/winston-debug/-/winston-debug-1.1.0.tgz",
      "integrity": "sha1-3BtWc943k/Ssz85OvtiFhpABBQE=",
      "requires": {
        "debug": "2.6.0"
      }
    },
    "winston-meta-wrapper": {
      "version": "1.2.0",
      "resolved": "https://registry.npmjs.org/winston-meta-wrapper/-/winston-meta-wrapper-1.2.0.tgz",
      "integrity": "sha1-y3y0X4xcCCwPGe+nhRVT3mKAAV8=",
      "requires": {
        "lodash": "4.15.0"
      }
    }
  }
}
